
Microsoft Visual Studio Solution File, Format Version 12.00
# Visual Studio Version 17
VisualStudioVersion = 17.10.35004.147
MinimumVisualStudioVersion = 10.0.40219.1
Project("{FAE04EC0-301F-11D3-BF4B-00C04F79EFBC}") = "LibraryApp", "LibraryApp.csproj", "{2B6C687A-75BB-4583-B35E-7F2E43A4D867}"
EndProject
Global
	GlobalSection(SolutionConfigurationPlatforms) = preSolution
		Debug|Any CPU = Debug|Any CPU
		Release|Any CPU = Release|Any CPU
	EndGlobalSection
	GlobalSection(ProjectConfigurationPlatforms) = postSolution
		{2B6C687A-75BB-4583-B35E-7F2E43A4D867}.Debug|Any CPU.ActiveCfg = Debug|Any CPU
		{2B6C687A-75BB-4583-B35E-7F2E43A4D867}.Debug|Any CPU.Build.0 = Debug|Any CPU
		{2B6C687A-75BB-4583-B35E-7F2E43A4D867}.Release|Any CPU.ActiveCfg = Release|Any CPU
		{2B6C687A-75BB-4583-B35E-7F2E43A4D867}.Release|Any CPU.Build.0 = Release|Any CPU
	EndGlobalSection
	GlobalSection(SolutionProperties) = preSolution
		HideSolutionNode = FALSE
	EndGlobalSection
	GlobalSection(ExtensibilityGlobals) = postSolution
		SolutionGuid = {6F1B90D2-DA12-48C2-A363-5F2D842B95B2}
	EndGlobalSection
EndGlobal
